
Microsoft Visual Studio Solution File, Format Version 12.00
# Visual Studio Version 16
VisualStudioVersion = 16.0.30517.126
MinimumVisualStudioVersion = 10.0.40219.1
Project("{8BC9CEB8-8B4A-11D0-8D11-00A0C91BC942}") = "Dist_obuch_stud", "Dist_obuch_stud\Dist_obuch_stud.vcxproj", "{F64031DE-4F0E-4BBA-BEC3-6B5A4439FEB9}"
EndProject
Global
	GlobalSection(SolutionConfigurationPlatforms) = preSolution
		Debug|x64 = Debug|x64
		Debug|x86 = Debug|x86
		Release|x64 = Release|x64
		Release|x86 = Release|x86
	EndGlobalSection
	GlobalSection(ProjectConfigurationPlatforms) = postSolution
		{F64031DE-4F0E-4BBA-BEC3-6B5A4439FEB9}.Debug|x64.ActiveCfg = Debug|x64
		{F64031DE-4F0E-4BBA-BEC3-6B5A4439FEB9}.Debug|x64.Build.0 = Debug|x64
		{F64031DE-4F0E-4BBA-BEC3-6B5A4439FEB9}.Debug|x86.ActiveCfg = Debug|Win32
		{F64031DE-4F0E-4BBA-BEC3-6B5A4439FEB9}.Debug|x86.Build.0 = Debug|Win32
		{F64031DE-4F0E-4BBA-BEC3-6B5A4439FEB9}.Release|x64.ActiveCfg = Release|x64
		{F64031DE-4F0E-4BBA-BEC3-6B5A4439FEB9}.Release|x64.Build.0 = Release|x64
		{F64031DE-4F0E-4BBA-BEC3-6B5A4439FEB9}.Release|x86.ActiveCfg = Release|Win32
		{F64031DE-4F0E-4BBA-BEC3-6B5A4439FEB9}.Release|x86.Build.0 = Release|Win32
	EndGlobalSection
	GlobalSection(SolutionProperties) = preSolution
		HideSolutionNode = FALSE
	EndGlobalSection
	GlobalSection(ExtensibilityGlobals) = postSolution
		SolutionGuid = {C18B852A-A9ED-43B4-8A5E-8A05F0AD1023}
	EndGlobalSection
EndGlobal
